
Microsoft Visual Studio Solution File, Format Version 12.00
# Visual Studio Version 17
VisualStudioVersion = 17.0.32112.339
MinimumVisualStudioVersion = 10.0.40219.1
Project("{FAE04EC0-301F-11D3-BF4B-00C04F79EFBC}") = "BasicProgramingCSharp", "BasicProgramingCSharp\BasicProgramingCSharp.csproj", "{4F99E7A4-8134-4879-BD64-629551B71A3C}"
EndProject
Global
	GlobalSection(SolutionConfigurationPlatforms) = preSolution
		Debug|Any CPU = Debug|Any CPU
		Release|Any CPU = Release|Any CPU
	EndGlobalSection
	GlobalSection(ProjectConfigurationPlatforms) = postSolution
		{4F99E7A4-8134-4879-BD64-629551B71A3C}.Debug|Any CPU.ActiveCfg = Debug|Any CPU
		{4F99E7A4-8134-4879-BD64-629551B71A3C}.Debug|Any CPU.Build.0 = Debug|Any CPU
		{4F99E7A4-8134-4879-BD64-629551B71A3C}.Release|Any CPU.ActiveCfg = Release|Any CPU
		{4F99E7A4-8134-4879-BD64-629551B71A3C}.Release|Any CPU.Build.0 = Release|Any CPU
	EndGlobalSection
	GlobalSection(SolutionProperties) = preSolution
		HideSolutionNode = FALSE
	EndGlobalSection
	GlobalSection(ExtensibilityGlobals) = postSolution
		SolutionGuid = {9C68B2D9-C71C-48AD-814C-60C07FE0B5DD}
	EndGlobalSection
EndGlobal
